
Microsoft Visual Studio Solution File, Format Version 12.00
# Visual Studio Version 17
VisualStudioVersion = 17.11.35303.130
MinimumVisualStudioVersion = 10.0.40219.1
Project("{FAE04EC0-301F-11D3-BF4B-00C04F79EFBC}") = "MultiplayerGame", "MultiplayerGame\MultiplayerGame.csproj", "{839F6733-2FCB-42B3-A1F1-89AFB915F4A5}"
EndProject
Global
	GlobalSection(SolutionConfigurationPlatforms) = preSolution
		Debug|Any CPU = Debug|Any CPU
		Release|Any CPU = Release|Any CPU
	EndGlobalSection
	GlobalSection(ProjectConfigurationPlatforms) = postSolution
		{839F6733-2FCB-42B3-A1F1-89AFB915F4A5}.Debug|Any CPU.ActiveCfg = Debug|Any CPU
		{839F6733-2FCB-42B3-A1F1-89AFB915F4A5}.Debug|Any CPU.Build.0 = Debug|Any CPU
		{839F6733-2FCB-42B3-A1F1-89AFB915F4A5}.Release|Any CPU.ActiveCfg = Release|Any CPU
		{839F6733-2FCB-42B3-A1F1-89AFB915F4A5}.Release|Any CPU.Build.0 = Release|Any CPU
	EndGlobalSection
	GlobalSection(SolutionProperties) = preSolution
		HideSolutionNode = FALSE
	EndGlobalSection
	GlobalSection(ExtensibilityGlobals) = postSolution
		SolutionGuid = {F19B0B21-52AE-4D81-B7B5-120B9A3CC2E8}
	EndGlobalSection
EndGlobal
